
Microsoft Visual Studio Solution File, Format Version 12.00
# Visual Studio Version 17
VisualStudioVersion = 17.6.33829.357
MinimumVisualStudioVersion = 10.0.40219.1
Project("{FAE04EC0-301F-11D3-BF4B-00C04F79EFBC}") = "finalProject", "finalProject\finalProject.csproj", "{FBFDB28D-F017-46F6-8507-52864050F6E8}"
EndProject
Global
	GlobalSection(SolutionConfigurationPlatforms) = preSolution
		Debug|Any CPU = Debug|Any CPU
		Release|Any CPU = Release|Any CPU
	EndGlobalSection
	GlobalSection(ProjectConfigurationPlatforms) = postSolution
		{FBFDB28D-F017-46F6-8507-52864050F6E8}.Debug|Any CPU.ActiveCfg = Debug|Any CPU
		{FBFDB28D-F017-46F6-8507-52864050F6E8}.Debug|Any CPU.Build.0 = Debug|Any CPU
		{FBFDB28D-F017-46F6-8507-52864050F6E8}.Release|Any CPU.ActiveCfg = Release|Any CPU
		{FBFDB28D-F017-46F6-8507-52864050F6E8}.Release|Any CPU.Build.0 = Release|Any CPU
	EndGlobalSection
	GlobalSection(SolutionProperties) = preSolution
		HideSolutionNode = FALSE
	EndGlobalSection
	GlobalSection(ExtensibilityGlobals) = postSolution
		SolutionGuid = {9DAB3434-1475-4163-B00E-4A664C1FEF57}
	EndGlobalSection
EndGlobal
